Microsoft Visual Studio Solution File, Format Version 12.00
# Visual Studio Version 17
VisualStudioVersion = 17.5.2.0
MinimumVisualStudioVersion = 10.0.40219.1
Project("{2150E333-8FDC-42A3-9474-1A3956D46DE8}") = "bizhawk_plugin", "bizhawk_plugin", "{7324BEFC-3C54-3FAE-F0C1-94EB5B55F56E}"
EndProject
Project("{FAE04EC0-301F-11D3-BF4B-00C04F79EFBC}") = "YGOFMPlugin", "bizhawk_plugin\src\YGOFMPlugin.csproj", "{32BA4A09-24F7-F24F-3CBC-7C3A5D09BD2D}"
EndProject
Global
	GlobalSection(SolutionConfigurationPlatforms) = preSolution
		Debug|Any CPU = Debug|Any CPU
		Release|Any CPU = Release|Any CPU
	EndGlobalSection
	GlobalSection(ProjectConfigurationPlatforms) = postSolution
		{32BA4A09-24F7-F24F-3CBC-7C3A5D09BD2D}.Debug|Any CPU.ActiveCfg = Debug|Any CPU
		{32BA4A09-24F7-F24F-3CBC-7C3A5D09BD2D}.Debug|Any CPU.Build.0 = Debug|Any CPU
		{32BA4A09-24F7-F24F-3CBC-7C3A5D09BD2D}.Release|Any CPU.ActiveCfg = Release|Any CPU
		{32BA4A09-24F7-F24F-3CBC-7C3A5D09BD2D}.Release|Any CPU.Build.0 = Release|Any CPU
	EndGlobalSection
	GlobalSection(SolutionProperties) = preSolution
		HideSolutionNode = FALSE
	EndGlobalSection
	GlobalSection(NestedProjects) = preSolution
		{32BA4A09-24F7-F24F-3CBC-7C3A5D09BD2D} = {7324BEFC-3C54-3FAE-F0C1-94EB5B55F56E}
	EndGlobalSection
	GlobalSection(ExtensibilityGlobals) = postSolution
		SolutionGuid = {56B9B23C-9C50-4B23-97B8-16F9CFA2929D}
	EndGlobalSection
EndGlobal
